
Microsoft Visual Studio Solution File, Format Version 12.00
# Visual Studio Version 17
VisualStudioVersion = 17.7.34024.191
MinimumVisualStudioVersion = 10.0.40219.1
Project("{FAE04EC0-301F-11D3-BF4B-00C04F79EFBC}") = "GoogleCalenderApplication", "GoogleCalenderApplication.csproj", "{0B14CA54-6846-4970-A1EB-56F54DF103E2}"
EndProject
Project("{FAE04EC0-301F-11D3-BF4B-00C04F79EFBC}") = "GoogleCalenderApplication.Domain", "..\GoogleCalenderApplication.Domain\GoogleCalenderApplication.Domain.csproj", "{4210666F-B15D-4F29-8EF0-A7C92B754E3F}"
EndProject
Project("{FAE04EC0-301F-11D3-BF4B-00C04F79EFBC}") = "GoogleCalenderApplication.Application", "..\GoogleCalenderApplication.Application\GoogleCalenderApplication.Application.csproj", "{0AE09E81-6A33-43D2-8B49-96EBAEB24226}"
EndProject
Project("{FAE04EC0-301F-11D3-BF4B-00C04F79EFBC}") = "GoogleCalenderApplication.Infrastructure", "..\GoogleCalenderApplication.Infrastructure\GoogleCalenderApplication.Infrastructure.csproj", "{FB0A77B9-CD46-421B-AC13-32560092F5FF}"
EndProject
Global
	GlobalSection(SolutionConfigurationPlatforms) = preSolution
		Debug|Any CPU = Debug|Any CPU
		Release|Any CPU = Release|Any CPU
	EndGlobalSection
	GlobalSection(ProjectConfigurationPlatforms) = postSolution
		{0B14CA54-6846-4970-A1EB-56F54DF103E2}.Debug|Any CPU.ActiveCfg = Debug|Any CPU
		{0B14CA54-6846-4970-A1EB-56F54DF103E2}.Debug|Any CPU.Build.0 = Debug|Any CPU
		{0B14CA54-6846-4970-A1EB-56F54DF103E2}.Release|Any CPU.ActiveCfg = Release|Any CPU
		{0B14CA54-6846-4970-A1EB-56F54DF103E2}.Release|Any CPU.Build.0 = Release|Any CPU
		{4210666F-B15D-4F29-8EF0-A7C92B754E3F}.Debug|Any CPU.ActiveCfg = Debug|Any CPU
		{4210666F-B15D-4F29-8EF0-A7C92B754E3F}.Debug|Any CPU.Build.0 = Debug|Any CPU
		{4210666F-B15D-4F29-8EF0-A7C92B754E3F}.Release|Any CPU.ActiveCfg = Release|Any CPU
		{4210666F-B15D-4F29-8EF0-A7C92B754E3F}.Release|Any CPU.Build.0 = Release|Any CPU
		{0AE09E81-6A33-43D2-8B49-96EBAEB24226}.Debug|Any CPU.ActiveCfg = Debug|Any CPU
		{0AE09E81-6A33-43D2-8B49-96EBAEB24226}.Debug|Any CPU.Build.0 = Debug|Any CPU
		{0AE09E81-6A33-43D2-8B49-96EBAEB24226}.Release|Any CPU.ActiveCfg = Release|Any CPU
		{0AE09E81-6A33-43D2-8B49-96EBAEB24226}.Release|Any CPU.Build.0 = Release|Any CPU
		{FB0A77B9-CD46-421B-AC13-32560092F5FF}.Debug|Any CPU.ActiveCfg = Debug|Any CPU
		{FB0A77B9-CD46-421B-AC13-32560092F5FF}.Debug|Any CPU.Build.0 = Debug|Any CPU
		{FB0A77B9-CD46-421B-AC13-32560092F5FF}.Release|Any CPU.ActiveCfg = Release|Any CPU
		{FB0A77B9-CD46-421B-AC13-32560092F5FF}.Release|Any CPU.Build.0 = Release|Any CPU
	EndGlobalSection
	GlobalSection(SolutionProperties) = preSolution
		HideSolutionNode = FALSE
	EndGlobalSection
	GlobalSection(ExtensibilityGlobals) = postSolution
		SolutionGuid = {992DAB45-A1F5-4E4C-8DF3-6E1B28929970}
	EndGlobalSection
EndGlobal
